
Microsoft Visual Studio Solution File, Format Version 12.00
# Visual Studio 15
VisualStudioVersion = 15.0.28010.2016
MinimumVisualStudioVersion = 10.0.40219.1
Project("{FAE04EC0-301F-11D3-BF4B-00C04F79EFBC}") = "API_App", "API_App\API_App.csproj", "{D8F1434E-5760-4D99-9BA1-0676DC5048A6}"
EndProject
Global
	GlobalSection(SolutionConfigurationPlatforms) = preSolution
		Debug|Any CPU = Debug|Any CPU
		Release|Any CPU = Release|Any CPU
	EndGlobalSection
	GlobalSection(ProjectConfigurationPlatforms) = postSolution
		{D8F1434E-5760-4D99-9BA1-0676DC5048A6}.Debug|Any CPU.ActiveCfg = Debug|Any CPU
		{D8F1434E-5760-4D99-9BA1-0676DC5048A6}.Debug|Any CPU.Build.0 = Debug|Any CPU
		{D8F1434E-5760-4D99-9BA1-0676DC5048A6}.Release|Any CPU.ActiveCfg = Release|Any CPU
		{D8F1434E-5760-4D99-9BA1-0676DC5048A6}.Release|Any CPU.Build.0 = Release|Any CPU
	EndGlobalSection
	GlobalSection(SolutionProperties) = preSolution
		HideSolutionNode = FALSE
	EndGlobalSection
	GlobalSection(ExtensibilityGlobals) = postSolution
		SolutionGuid = {A464A423-9B08-4ED2-9911-A4EA9EEE1D0F}
	EndGlobalSection
EndGlobal
